// !$*UTF8*$!
{
	archiveVersion = 1;
	classes = {
	};
	objectVersion = 56;
	objects = {

/* Begin PBXBuildFile section */
		7605EA3F2C1FD98000BB1AA4 /* Food.swift in Sources */ = {isa = PBXBuildFile; fileRef = 7605EA3E2C1FD97F00BB1AA4 /* Food.swift */; };
		7609B5F42C232E0600DB840F /* Extensions.swift in Sources */ = {isa = PBXBuildFile; fileRef = 7609B5F32C232E0600DB840F /* Extensions.swift */; };
		7609B5F62C2333AA00DB840F /* SuffixWrapper.swift in Sources */ = {isa = PBXBuildFile; fileRef = 7609B5F52C2333AA00DB840F /* SuffixWrapper.swift */; };
		7609B5F82C2339BA00DB840F /* ShapeStyleView.swift in Sources */ = {isa = PBXBuildFile; fileRef = 7609B5F72C2339BA00DB840F /* ShapeStyleView.swift */; };
		7609B5FA2C238A4B00DB840F /* FoodListView.swift in Sources */ = {isa = PBXBuildFile; fileRef = 7609B5F92C238A4B00DB840F /* FoodListView.swift */; };
		7685B5122C2879A0004B0F8D /* FoodForm.swift in Sources */ = {isa = PBXBuildFile; fileRef = 7685B5112C2879A0004B0F8D /* FoodForm.swift */; };
		76AEF5492C1F6A07008F6F0C /* FoodPickerApp.swift in Sources */ = {isa = PBXBuildFile; fileRef = 76AEF5482C1F6A07008F6F0C /* FoodPickerApp.swift */; };
		76AEF54B2C1F6A07008F6F0C /* ContentView.swift in Sources */ = {isa = PBXBuildFile; fileRef = 76AEF54A2C1F6A07008F6F0C /* ContentView.swift */; };
		76AEF54D2C1F6A0A008F6F0C /* Assets.xcassets in Resources */ = {isa = PBXBuildFile; fileRef = 76AEF54C2C1F6A0A008F6F0C /* Assets.xcassets */; };
		76AEF5502C1F6A0A008F6F0C /* Preview Assets.xcassets in Resources */ = {isa = PBXBuildFile; fileRef = 76AEF54F2C1F6A0A008F6F0C /* Preview Assets.xcassets */; };
		76C355DA2C200B8E009FC8C2 /* PreviewDevice+.swift in Sources */ = {isa = PBXBuildFile; fileRef = 76C355D92C200B8E009FC8C2 /* PreviewDevice+.swift */; };
/* End PBXBuildFile section */

/* Begin PBXFileReference section */
		7605EA3E2C1FD97F00BB1AA4 /* Food.swift */ = {isa = PBXFileReference; lastKnownFileType = sourcecode.swift; path = Food.swift; sourceTree = "<group>"; };
		7609B5F32C232E0600DB840F /* Extensions.swift */ = {isa = PBXFileReference; lastKnownFileType = sourcecode.swift; path = Extensions.swift; sourceTree = "<group>"; };
		7609B5F52C2333AA00DB840F /* SuffixWrapper.swift */ = {isa = PBXFileReference; lastKnownFileType = sourcecode.swift; path = SuffixWrapper.swift; sourceTree = "<group>"; };
		7609B5F72C2339BA00DB840F /* ShapeStyleView.swift */ = {isa = PBXFileReference; lastKnownFileType = sourcecode.swift; path = ShapeStyleView.swift; sourceTree = "<group>"; };
		7609B5F92C238A4B00DB840F /* FoodListView.swift */ = {isa = PBXFileReference; lastKnownFileType = sourcecode.swift; path = FoodListView.swift; sourceTree = "<group>"; };
		7685B5112C2879A0004B0F8D /* FoodForm.swift */ = {isa = PBXFileReference; lastKnownFileType = sourcecode.swift; path = FoodForm.swift; sourceTree = "<group>"; };
		76AEF5452C1F6A07008F6F0C /* FoodPicker.app */ = {isa = PBXFileReference; explicitFileType = wrapper.application; includeInIndex = 0; path = FoodPicker.app; sourceTree = BUILT_PRODUCTS_DIR; };
		76AEF5482C1F6A07008F6F0C /* FoodPickerApp.swift */ = {isa = PBXFileReference; lastKnownFileType = sourcecode.swift; path = FoodPickerApp.swift; sourceTree = "<group>"; };
		76AEF54A2C1F6A07008F6F0C /* ContentView.swift */ = {isa = PBXFileReference; lastKnownFileType = sourcecode.swift; path = ContentView.swift; sourceTree = "<group>"; };
		76AEF54C2C1F6A0A008F6F0C /* Assets.xcassets */ = {isa = PBXFileReference; lastKnownFileType = folder.assetcatalog; path = Assets.xcassets; sourceTree = "<group>"; };
		76AEF54F2C1F6A0A008F6F0C /* Preview Assets.xcassets */ = {isa = PBXFileReference; lastKnownFileType = folder.assetcatalog; path = "Preview Assets.xcassets"; sourceTree = "<group>"; };
		76C355D92C200B8E009FC8C2 /* PreviewDevice+.swift */ = {isa = PBXFileReference; lastKnownFileType = sourcecode.swift; path = "PreviewDevice+.swift"; sourceTree = "<group>"; };
/* End PBXFileReference section */

/* Begin PBXFrameworksBuildPhase section */
		76AEF5422C1F6A07008F6F0C /* Frameworks */ = {
			isa = PBXFrameworksBuildPhase;
			buildActionMask = 2147483647;
			files = (
			);
			runOnlyForDeploymentPostprocessing = 0;
		};
/* End PBXFrameworksBuildPhase section */

/* Begin PBXGroup section */
		76AEF53C2C1F6A07008F6F0C = {
			isa = PBXGroup;
			children = (
				7609B5F72C2339BA00DB840F /* ShapeStyleView.swift */,
				76AEF5472C1F6A07008F6F0C /* FoodPicker */,
				76AEF5462C1F6A07008F6F0C /* Products */,
			);
			sourceTree = "<group>";
		};
		76AEF5462C1F6A07008F6F0C /* Products */ = {
			isa = PBXGroup;
			children = (
				76AEF5452C1F6A07008F6F0C /* FoodPicker.app */,
			);
			name = Products;
			sourceTree = "<group>";
		};
		76AEF5472C1F6A07008F6F0C /* FoodPicker */ = {
			isa = PBXGroup;
			children = (
				76AEF5482C1F6A07008F6F0C /* FoodPickerApp.swift */,
				76AEF54A2C1F6A07008F6F0C /* ContentView.swift */,
				76AEF54C2C1F6A0A008F6F0C /* Assets.xcassets */,
				76AEF54E2C1F6A0A008F6F0C /* Preview Content */,
				7605EA3E2C1FD97F00BB1AA4 /* Food.swift */,
				76C355D92C200B8E009FC8C2 /* PreviewDevice+.swift */,
				7609B5F32C232E0600DB840F /* Extensions.swift */,
				7609B5F52C2333AA00DB840F /* SuffixWrapper.swift */,
				7609B5F92C238A4B00DB840F /* FoodListView.swift */,
				7685B5112C2879A0004B0F8D /* FoodForm.swift */,
			);
			path = FoodPicker;
			sourceTree = "<group>";
		};
		76AEF54E2C1F6A0A008F6F0C /* Preview Content */ = {
			isa = PBXGroup;
			children = (
				76AEF54F2C1F6A0A008F6F0C /* Preview Assets.xcassets */,
			);
			path = "Preview Content";
			sourceTree = "<group>";
		};
/* End PBXGroup section */

/* Begin PBXNativeTarget section */
		76AEF5442C1F6A07008F6F0C /* FoodPicker */ = {
			isa = PBXNativeTarget;
			buildConfigurationList = 76AEF5532C1F6A0A008F6F0C /* Build configuration list for PBXNativeTarget "FoodPicker" */;
			buildPhases = (
				76AEF5412C1F6A07008F6F0C /* Sources */,
				76AEF5422C1F6A07008F6F0C /* Frameworks */,
				76AEF5432C1F6A07008F6F0C /* Resources */,
			);
			buildRules = (
			);
			dependencies = (
			);
			name = FoodPicker;
			productName = FoodPicker;
			productReference = 76AEF5452C1F6A07008F6F0C /* FoodPicker.app */;
			productType = "com.apple.product-type.application";
		};
/* End PBXNativeTarget section */

/* Begin PBXProject section */
		76AEF53D2C1F6A07008F6F0C /* Project object */ = {
			isa = PBXProject;
			attributes = {
				BuildIndependentTargetsInParallel = 1;
				LastSwiftUpdateCheck = 1520;
				LastUpgradeCheck = 1520;
				TargetAttributes = {
					76AEF5442C1F6A07008F6F0C = {
						CreatedOnToolsVersion = 15.2;
					};
				};
			};
			buildConfigurationList = 76AEF5402C1F6A07008F6F0C /* Build configuration list for PBXProject "FoodPicker" */;
			compatibilityVersion = "Xcode 14.0";
			developmentRegion = en;
			hasScannedForEncodings = 0;
			knownRegions = (
				en,
				Base,
			);
			mainGroup = 76AEF53C2C1F6A07008F6F0C;
			productRefGroup = 76AEF5462C1F6A07008F6F0C /* Products */;
			projectDirPath = "";
			projectRoot = "";
			targets = (
				76AEF5442C1F6A07008F6F0C /* FoodPicker */,
			);
		};
/* End PBXProject section */

/* Begin PBXResourcesBuildPhase section */
		76AEF5432C1F6A07008F6F0C /* Resources */ = {
			isa = PBXResourcesBuildPhase;
			buildActionMask = 2147483647;
			files = (
				76AEF5502C1F6A0A008F6F0C /* Preview Assets.xcassets in Resources */,
				76AEF54D2C1F6A0A008F6F0C /* Assets.xcassets in Resources */,
			);
			runOnlyForDeploymentPostprocessing = 0;
		};
/* End PBXResourcesBuildPhase section */

/* Begin PBXSourcesBuildPhase section */
		76AEF5412C1F6A07008F6F0C /* Sources */ = {
			isa = PBXSourcesBuildPhase;
			buildActionMask = 2147483647;
			files = (
				7609B5F62C2333AA00DB840F /* SuffixWrapper.swift in Sources */,
				7609B5F42C232E0600DB840F /* Extensions.swift in Sources */,
				76C355DA2C200B8E009FC8C2 /* PreviewDevice+.swift in Sources */,
				76AEF54B2C1F6A07008F6F0C /* ContentView.swift in Sources */,
				7609B5FA2C238A4B00DB840F /* FoodListView.swift in Sources */,
				7685B5122C2879A0004B0F8D /* FoodForm.swift in Sources */,
				7609B5F82C2339BA00DB840F /* ShapeStyleView.swift in Sources */,
				76AEF5492C1F6A07008F6F0C /* FoodPickerApp.swift in Sources */,
				7605EA3F2C1FD98000BB1AA4 /* Food.swift in Sources */,
			);
			runOnlyForDeploymentPostprocessing = 0;
		};
/* End PBXSourcesBuildPhase section */

/* Begin XCBuildConfiguration section */
		76AEF5512C1F6A0A008F6F0C /* Debug */ = {
			isa = XCBuildConfiguration;
			buildSettings = {
				ALWAYS_SEARCH_USER_PATHS = NO;
				ASSETCATALOG_COMPILER_GENERATE_SWIFT_ASSET_SYMBOL_EXTENSIONS = YES;
				CLANG_ANALYZER_NONNULL = YES;
				CLANG_ANALYZER_NUMBER_OBJECT_CONVERSION = YES_AGGRESSIVE;
				CLANG_CXX_LANGUAGE_STANDARD = "gnu++20";
				CLANG_ENABLE_MODULES = YES;
				CLANG_ENABLE_OBJC_ARC = YES;
				CLANG_ENABLE_OBJC_WEAK = YES;
				CLANG_WARN_BLOCK_CAPTURE_AUTORELEASING = YES;
				CLANG_WARN_BOOL_CONVERSION = YES;
				CLANG_WARN_COMMA = YES;
				CLANG_WARN_CONSTANT_CONVERSION = YES;
				CLANG_WARN_DEPRECATED_OBJC_IMPLEMENTATIONS = YES;
				CLANG_WARN_DIRECT_OBJC_ISA_USAGE = YES_ERROR;
				CLANG_WARN_DOCUMENTATION_COMMENTS = YES;
				CLANG_WARN_EMPTY_BODY = YES;
				CLANG_WARN_ENUM_CONVERSION = YES;
				CLANG_WARN_INFINITE_RECURSION = YES;
				CLANG_WARN_INT_CONVERSION = YES;
				CLANG_WARN_NON_LITERAL_NULL_CONVERSION = YES;
				CLANG_WARN_OBJC_IMPLICIT_RETAIN_SELF = YES;
				CLANG_WARN_OBJC_LITERAL_CONVERSION = YES;
				CLANG_WARN_OBJC_ROOT_CLASS = YES_ERROR;
				CLANG_WARN_QUOTED_INCLUDE_IN_FRAMEWORK_HEADER = YES;
				CLANG_WARN_RANGE_LOOP_ANALYSIS = YES;
				CLANG_WARN_STRICT_PROTOTYPES = YES;
				CLANG_WARN_SUSPICIOUS_MOVE = YES;
				CLANG_WARN_UNGUARDED_AVAILABILITY = YES_AGGRESSIVE;
				CLANG_WARN_UNREACHABLE_CODE = YES;
				CLANG_WARN__DUPLICATE_METHOD_MATCH = YES;
				COPY_PHASE_STRIP = NO;
				DEBUG_INFORMATION_FORMAT = dwarf;
				ENABLE_STRICT_OBJC_MSGSEND = YES;
				ENABLE_TESTABILITY = YES;
				ENABLE_USER_SCRIPT_SANDBOXING = YES;
				GCC_C_LANGUAGE_STANDARD = gnu17;
				GCC_DYNAMIC_NO_PIC = NO;
				GCC_NO_COMMON_BLOCKS = YES;
				GCC_OPTIMIZATION_LEVEL = 0;
				GCC_PREPROCESSOR_DEFINITIONS = (
					"DEBUG=1",
					"$(inherited)",
				);
				GCC_WARN_64_TO_32_BIT_CONVERSION = YES;
				GCC_WARN_ABOUT_RETURN_TYPE = YES_ERROR;
				GCC_WARN_UNDECLARED_SELECTOR = YES;
				GCC_WARN_UNINITIALIZED_AUTOS = YES_AGGRESSIVE;
				GCC_WARN_UNUSED_FUNCTION = YES;
				GCC_WARN_UNUSED_VARIABLE = YES;
				IPHONEOS_DEPLOYMENT_TARGET = 17.2;
				LOCALIZATION_PREFERS_STRING_CATALOGS = YES;
				MTL_ENABLE_DEBUG_INFO = INCLUDE_SOURCE;
				MTL_FAST_MATH = YES;
				ONLY_ACTIVE_ARCH = YES;
				SDKROOT = iphoneos;
				SWIFT_ACTIVE_COMPILATION_CONDITIONS = "DEBUG $(inherited)";
				SWIFT_OPTIMIZATION_LEVEL = "-Onone";
			};
			name = Debug;
		};
		76AEF5522C1F6A0A008F6F0C /* Release */ = {
			isa = XCBuildConfiguration;
			buildSettings = {
				ALWAYS_SEARCH_USER_PATHS = NO;
				ASSETCATALOG_COMPILER_GENERATE_SWIFT_ASSET_SYMBOL_EXTENSIONS = YES;
				CLANG_ANALYZER_NONNULL = YES;
				CLANG_ANALYZER_NUMBER_OBJECT_CONVERSION = YES_AGGRESSIVE;
				CLANG_CXX_LANGUAGE_STANDARD = "gnu++20";
				CLANG_ENABLE_MODULES = YES;
				CLANG_ENABLE_OBJC_ARC = YES;
				CLANG_ENABLE_OBJC_WEAK = YES;
				CLANG_WARN_BLOCK_CAPTURE_AUTORELEASING = YES;
				CLANG_WARN_BOOL_CONVERSION = YES;
				CLANG_WARN_COMMA = YES;
				CLANG_WARN_CONSTANT_CONVERSION = YES;
				CLANG_WARN_DEPRECATED_OBJC_IMPLEMENTATIONS = YES;
				CLANG_WARN_DIRECT_OBJC_ISA_USAGE = YES_ERROR;
				CLANG_WARN_DOCUMENTATION_COMMENTS = YES;
				CLANG_WARN_EMPTY_BODY = YES;
				CLANG_WARN_ENUM_CONVERSION = YES;
				CLANG_WARN_INFINITE_RECURSION = YES;
				CLANG_WARN_INT_CONVERSION = YES;
				CLANG_WARN_NON_LITERAL_NULL_CONVERSION = YES;
				CLANG_WARN_OBJC_IMPLICIT_RETAIN_SELF = YES;
				CLANG_WARN_OBJC_LITERAL_CONVERSION = YES;
				CLANG_WARN_OBJC_ROOT_CLASS = YES_ERROR;
				CLANG_WARN_QUOTED_INCLUDE_IN_FRAMEWORK_HEADER = YES;
				CLANG_WARN_RANGE_LOOP_ANALYSIS = YES;
				CLANG_WARN_STRICT_PROTOTYPES = YES;
				CLANG_WARN_SUSPICIOUS_MOVE = YES;
				CLANG_WARN_UNGUARDED_AVAILABILITY = YES_AGGRESSIVE;
				CLANG_WARN_UNREACHABLE_CODE = YES;
				CLANG_WARN__DUPLICATE_METHOD_MATCH = YES;
				COPY_PHASE_STRIP = NO;
				DEBUG_INFORMATION_FORMAT = "dwarf-with-dsym";
				ENABLE_NS_ASSERTIONS = NO;
				ENABLE_STRICT_OBJC_MSGSEND = YES;
				ENABLE_USER_SCRIPT_SANDBOXING = YES;
				GCC_C_LANGUAGE_STANDARD = gnu17;
				GCC_NO_COMMON_BLOCKS = YES;
				GCC_WARN_64_TO_32_BIT_CONVERSION = YES;
				GCC_WARN_ABOUT_RETURN_TYPE = YES_ERROR;
				GCC_WARN_UNDECLARED_SELECTOR = YES;
				GCC_WARN_UNINITIALIZED_AUTOS = YES_AGGRESSIVE;
				GCC_WARN_UNUSED_FUNCTION = YES;
				GCC_WARN_UNUSED_VARIABLE = YES;
				IPHONEOS_DEPLOYMENT_TARGET = 17.2;
				LOCALIZATION_PREFERS_STRING_CATALOGS = YES;
				MTL_ENABLE_DEBUG_INFO = NO;
				MTL_FAST_MATH = YES;
				SDKROOT = iphoneos;
				SWIFT_COMPILATION_MODE = wholemodule;
				VALIDATE_PRODUCT = YES;
			};
			name = Release;
		};
		76AEF5542C1F6A0A008F6F0C /* Debug */ = {
			isa = XCBuildConfiguration;
			buildSettings = {
				ASSETCATALOG_COMPILER_APPICON_NAME = AppIcon;
				ASSETCATALOG_COMPILER_GLOBAL_ACCENT_COLOR_NAME = AccentColor;
				CODE_SIGN_STYLE = Automatic;
				CURRENT_PROJECT_VERSION = 1;
				DEVELOPMENT_ASSET_PATHS = "\"FoodPicker/Preview Content\"";
				DEVELOPMENT_TEAM = 42RCJ23JC9;
				ENABLE_PREVIEWS = YES;
				GENERATE_INFOPLIST_FILE = YES;
				INFOPLIST_KEY_UIApplicationSceneManifest_Generation = YES;
				INFOPLIST_KEY_UIApplicationSupportsIndirectInputEvents = YES;
				INFOPLIST_KEY_UILaunchScreen_Generation = YES;
				INFOPLIST_KEY_UISupportedInterfaceOrientations = UIInterfaceOrientationPortrait;
				INFOPLIST_KEY_UISupportedInterfaceOrientations_iPad = "UIInterfaceOrientationLandscapeLeft UIInterfaceOrientationLandscapeRight UIInterfaceOrientationPortrait UIInterfaceOrientationPortraitUpsideDown";
				LD_RUNPATH_SEARCH_PATHS = (
					"$(inherited)",
					"@executable_path/Frameworks",
				);
				MARKETING_VERSION = 1.0;
				PRODUCT_BUNDLE_IDENTIFIER = com.voishion.FoodPicker;
				PRODUCT_NAME = "$(TARGET_NAME)";
				SWIFT_EMIT_LOC_STRINGS = YES;
				SWIFT_VERSION = 5.0;
				TARGETED_DEVICE_FAMILY = "1,2";
			};
			name = Debug;
		};
		76AEF5552C1F6A0A008F6F0C /* Release */ = {
			isa = XCBuildConfiguration;
			buildSettings = {
				ASSETCATALOG_COMPILER_APPICON_NAME = AppIcon;
				ASSETCATALOG_COMPILER_GLOBAL_ACCENT_COLOR_NAME = AccentColor;
				CODE_SIGN_STYLE = Automatic;
				CURRENT_PROJECT_VERSION = 1;
				DEVELOPMENT_ASSET_PATHS = "\"FoodPicker/Preview Content\"";
				DEVELOPMENT_TEAM = 42RCJ23JC9;
				ENABLE_PREVIEWS = YES;
				GENERATE_INFOPLIST_FILE = YES;
				INFOPLIST_KEY_UIApplicationSceneManifest_Generation = YES;
				INFOPLIST_KEY_UIApplicationSupportsIndirectInputEvents = YES;
				INFOPLIST_KEY_UILaunchScreen_Generation = YES;
				INFOPLIST_KEY_UISupportedInterfaceOrientations = UIInterfaceOrientationPortrait;
				INFOPLIST_KEY_UISupportedInterfaceOrientations_iPad = "UIInterfaceOrientationLandscapeLeft UIInterfaceOrientationLandscapeRight UIInterfaceOrientationPortrait UIInterfaceOrientationPortraitUpsideDown";
				LD_RUNPATH_SEARCH_PATHS = (
					"$(inherited)",
					"@executable_path/Frameworks",
				);
				MARKETING_VERSION = 1.0;
				PRODUCT_BUNDLE_IDENTIFIER = com.voishion.FoodPicker;
				PRODUCT_NAME = "$(TARGET_NAME)";
				SWIFT_EMIT_LOC_STRINGS = YES;
				SWIFT_VERSION = 5.0;
				TARGETED_DEVICE_FAMILY = "1,2";
			};
			name = Release;
		};
/* End XCBuildConfiguration section */

/* Begin XCConfigurationList section */
		76AEF5402C1F6A07008F6F0C /* Build configuration list for PBXProject "FoodPicker" */ = {
			isa = XCConfigurationList;
			buildConfigurations = (
				76AEF5512C1F6A0A008F6F0C /* Debug */,
				76AEF5522C1F6A0A008F6F0C /* Release */,
			);
			defaultConfigurationIsVisible = 0;
			defaultConfigurationName = Release;
		};
		76AEF5532C1F6A0A008F6F0C /* Build configuration list for PBXNativeTarget "FoodPicker" */ = {
			isa = XCConfigurationList;
			buildConfigurations = (
				76AEF5542C1F6A0A008F6F0C /* Debug */,
				76AEF5552C1F6A0A008F6F0C /* Release */,
			);
			defaultConfigurationIsVisible = 0;
			defaultConfigurationName = Release;
		};
/* End XCConfigurationList section */
	};
	rootObject = 76AEF53D2C1F6A07008F6F0C /* Project object */;
}
